{
    "_readme": [
        "This file locks the dependencies of your project to a known state",
        "Read more about it at https://getcomposer.org/doc/01-basic-usage.md#installing-dependencies",
        "This file is @generated automatically"
    ],
    "content-hash": "c93cdb0e6a06abf212a63a734c6c4dc2",
    "packages": [
        {
            "name": "griffbrad/composer-versioning-examples",
            "version": "1.0.0",
            "source": {
                "type": "git",
                "url": "https://github.com/griffbrad/composer-versioning-examples.git",
                "reference": "d5e4e909d64a15084dcaa060f97391f9d5852aed"
            },
            "dist": {
                "type": "zip",
                "url": "https://api.github.com/repos/griffbrad/composer-versioning-examples/zipball/d5e4e909d64a15084dcaa060f97391f9d5852aed",
                "reference": "d5e4e909d64a15084dcaa060f97391f9d5852aed",
                "shasum": ""
            },
            "type": "library",
            "autoload": {
                "psr-4": {
                    "ComposerVersioning\\": "ComposerVersioning"
                }
            },
            "notification-url": "https://packagist.org/downloads/",
            "description": "An illustrations of some versioning subtleties in PHP and Composer.",
            "time": "2019-05-14T18:25:44+00:00"
        }
    ],
    "packages-dev": [],
    "aliases": [],
    "minimum-stability": "stable",
    "stability-flags": [],
    "prefer-stable": false,
    "prefer-lowest": false,
    "platform": [],
    "platform-dev": []
}
